
Microsoft Visual Studio Solution File, Format Version 12.00
# Visual Studio Version 17
VisualStudioVersion = 17.9.34723.18
MinimumVisualStudioVersion = 10.0.40219.1
Project("{FAE04EC0-301F-11D3-BF4B-00C04F79EFBC}") = "WebApi", "WebApi.csproj", "{EF07BB0B-D5B8-4706-951E-9CC081250341}"
	ProjectSection(ProjectDependencies) = postProject
		{2F4F2207-0357-4737-A885-2234982E657D} = {2F4F2207-0357-4737-A885-2234982E657D}
		{41C7505F-F6EB-4863-A1CA-67BC1DA933A1} = {41C7505F-F6EB-4863-A1CA-67BC1DA933A1}
	EndProjectSection
EndProject
Project("{2150E333-8FDC-42A3-9474-1A3956D46DE8}") = "Core", "Core", "{A5B280AB-9B7B-4C92-92CF-DE037096A007}"
EndProject
Project("{FAE04EC0-301F-11D3-BF4B-00C04F79EFBC}") = "Application", "..\Application\Application.csproj", "{2F4F2207-0357-4737-A885-2234982E657D}"
	ProjectSection(ProjectDependencies) = postProject
		{2C59A6AE-C559-44DC-9E19-0E1C991D7034} = {2C59A6AE-C559-44DC-9E19-0E1C991D7034}
	EndProjectSection
EndProject
Project("{FAE04EC0-301F-11D3-BF4B-00C04F79EFBC}") = "Domain", "..\Domain\Domain.csproj", "{2C59A6AE-C559-44DC-9E19-0E1C991D7034}"
EndProject
Project("{FAE04EC0-301F-11D3-BF4B-00C04F79EFBC}") = "Infrastructure", "..\Infrastructure\Infrastructure.csproj", "{41C7505F-F6EB-4863-A1CA-67BC1DA933A1}"
	ProjectSection(ProjectDependencies) = postProject
		{2C59A6AE-C559-44DC-9E19-0E1C991D7034} = {2C59A6AE-C559-44DC-9E19-0E1C991D7034}
		{2F4F2207-0357-4737-A885-2234982E657D} = {2F4F2207-0357-4737-A885-2234982E657D}
	EndProjectSection
EndProject
Global
	GlobalSection(SolutionConfigurationPlatforms) = preSolution
		Debug|Any CPU = Debug|Any CPU
		Release|Any CPU = Release|Any CPU
	EndGlobalSection
	GlobalSection(ProjectConfigurationPlatforms) = postSolution
		{EF07BB0B-D5B8-4706-951E-9CC081250341}.Debug|Any CPU.ActiveCfg = Debug|Any CPU
		{EF07BB0B-D5B8-4706-951E-9CC081250341}.Debug|Any CPU.Build.0 = Debug|Any CPU
		{EF07BB0B-D5B8-4706-951E-9CC081250341}.Release|Any CPU.ActiveCfg = Release|Any CPU
		{EF07BB0B-D5B8-4706-951E-9CC081250341}.Release|Any CPU.Build.0 = Release|Any CPU
		{2F4F2207-0357-4737-A885-2234982E657D}.Debug|Any CPU.ActiveCfg = Debug|Any CPU
		{2F4F2207-0357-4737-A885-2234982E657D}.Debug|Any CPU.Build.0 = Debug|Any CPU
		{2F4F2207-0357-4737-A885-2234982E657D}.Release|Any CPU.ActiveCfg = Release|Any CPU
		{2F4F2207-0357-4737-A885-2234982E657D}.Release|Any CPU.Build.0 = Release|Any CPU
		{2C59A6AE-C559-44DC-9E19-0E1C991D7034}.Debug|Any CPU.ActiveCfg = Debug|Any CPU
		{2C59A6AE-C559-44DC-9E19-0E1C991D7034}.Debug|Any CPU.Build.0 = Debug|Any CPU
		{2C59A6AE-C559-44DC-9E19-0E1C991D7034}.Release|Any CPU.ActiveCfg = Release|Any CPU
		{2C59A6AE-C559-44DC-9E19-0E1C991D7034}.Release|Any CPU.Build.0 = Release|Any CPU
		{41C7505F-F6EB-4863-A1CA-67BC1DA933A1}.Debug|Any CPU.ActiveCfg = Debug|Any CPU
		{41C7505F-F6EB-4863-A1CA-67BC1DA933A1}.Debug|Any CPU.Build.0 = Debug|Any CPU
		{41C7505F-F6EB-4863-A1CA-67BC1DA933A1}.Release|Any CPU.ActiveCfg = Release|Any CPU
		{41C7505F-F6EB-4863-A1CA-67BC1DA933A1}.Release|Any CPU.Build.0 = Release|Any CPU
	EndGlobalSection
	GlobalSection(SolutionProperties) = preSolution
		HideSolutionNode = FALSE
	EndGlobalSection
	GlobalSection(NestedProjects) = preSolution
		{2F4F2207-0357-4737-A885-2234982E657D} = {A5B280AB-9B7B-4C92-92CF-DE037096A007}
		{2C59A6AE-C559-44DC-9E19-0E1C991D7034} = {A5B280AB-9B7B-4C92-92CF-DE037096A007}
	EndGlobalSection
	GlobalSection(ExtensibilityGlobals) = postSolution
		SolutionGuid = {2F120F1A-CEC5-44AE-BBC3-D3AB7E1B446D}
	EndGlobalSection
EndGlobal
